
Microsoft Visual Studio Solution File, Format Version 12.00
# Visual Studio 15
VisualStudioVersion = 15.0.27004.2005
MinimumVisualStudioVersion = 10.0.40219.1
Project("{FAE04EC0-301F-11D3-BF4B-00C04F79EFBC}") = "ISBNGenerator", "ISBNGenerator\ISBNGenerator.csproj", "{CAD598E9-772D-45F6-AEBE-04BFC29D2E77}"
EndProject
Project("{FAE04EC0-301F-11D3-BF4B-00C04F79EFBC}") = "ISBNGeneratorUnitTests", "ISBNGeneratorUnitTests\ISBNGeneratorUnitTests.csproj", "{735AF554-2AC4-411D-A2D4-6A2D135B1878}"
EndProject
Global
	GlobalSection(SolutionConfigurationPlatforms) = preSolution
		Debug|Any CPU = Debug|Any CPU
		Release|Any CPU = Release|Any CPU
	EndGlobalSection
	GlobalSection(ProjectConfigurationPlatforms) = postSolution
		{CAD598E9-772D-45F6-AEBE-04BFC29D2E77}.Debug|Any CPU.ActiveCfg = Debug|Any CPU
		{CAD598E9-772D-45F6-AEBE-04BFC29D2E77}.Debug|Any CPU.Build.0 = Debug|Any CPU
		{CAD598E9-772D-45F6-AEBE-04BFC29D2E77}.Release|Any CPU.ActiveCfg = Release|Any CPU
		{CAD598E9-772D-45F6-AEBE-04BFC29D2E77}.Release|Any CPU.Build.0 = Release|Any CPU
		{735AF554-2AC4-411D-A2D4-6A2D135B1878}.Debug|Any CPU.ActiveCfg = Debug|Any CPU
		{735AF554-2AC4-411D-A2D4-6A2D135B1878}.Debug|Any CPU.Build.0 = Debug|Any CPU
		{735AF554-2AC4-411D-A2D4-6A2D135B1878}.Release|Any CPU.ActiveCfg = Release|Any CPU
		{735AF554-2AC4-411D-A2D4-6A2D135B1878}.Release|Any CPU.Build.0 = Release|Any CPU
	EndGlobalSection
	GlobalSection(SolutionProperties) = preSolution
		HideSolutionNode = FALSE
	EndGlobalSection
	GlobalSection(ExtensibilityGlobals) = postSolution
		SolutionGuid = {AD48A2B4-B81C-4A85-BBD4-DB677B9DF11D}
	EndGlobalSection
EndGlobal
